
Microsoft Visual Studio Solution File, Format Version 12.00
# Visual Studio 15
VisualStudioVersion = 15.0.27004.2008
MinimumVisualStudioVersion = 10.0.40219.1
Project("{FAE04EC0-301F-11D3-BF4B-00C04F79EFBC}") = "TecladoVirtual", "TecladoVirtual\TecladoVirtual.csproj", "{90F64E98-5069-4471-ACAA-C79B5A636BAB}"
EndProject
Global
	GlobalSection(SolutionConfigurationPlatforms) = preSolution
		Debug|Any CPU = Debug|Any CPU
		Release|Any CPU = Release|Any CPU
	EndGlobalSection
	GlobalSection(ProjectConfigurationPlatforms) = postSolution
		{90F64E98-5069-4471-ACAA-C79B5A636BAB}.Debug|Any CPU.ActiveCfg = Debug|Any CPU
		{90F64E98-5069-4471-ACAA-C79B5A636BAB}.Debug|Any CPU.Build.0 = Debug|Any CPU
		{90F64E98-5069-4471-ACAA-C79B5A636BAB}.Release|Any CPU.ActiveCfg = Release|Any CPU
		{90F64E98-5069-4471-ACAA-C79B5A636BAB}.Release|Any CPU.Build.0 = Release|Any CPU
	EndGlobalSection
	GlobalSection(SolutionProperties) = preSolution
		HideSolutionNode = FALSE
	EndGlobalSection
	GlobalSection(ExtensibilityGlobals) = postSolution
		SolutionGuid = {0ECE7526-3256-45C6-A405-0D2EDE1B1DAF}
	EndGlobalSection
EndGlobal
